<Solution>
  <Project Path="CaseTracker/CaseTracker.csproj" />
  <Project Path="CaseTrackerApplication/CaseTrackerApplication.csproj" />
  <Project Path="CaseTrackerDomain/CaseTrackerDomain.csproj" />
  <Project Path="CaseTrackerInfrastructure/CaseTrackerInfrastructure.csproj" />
  <Project Path="CaseTrackerMobile/CaseTrackerMobile.csproj" Id="79e76c9d-d8d1-4a16-af33-8e1d508094ca">
    <Deploy Solution="Debug|*" />
  </Project>
</Solution>
