<Solution>
  <Project Path="CaseTracker.Tests/CaseTracker.Tests.csproj" />
  <Project Path="CaseTracker/CaseTracker.csproj" />
  <Project Path="CaseTrackerApplication/CaseTrackerApplication.csproj" />
  <Project Path="CaseTrackerDomain/CaseTrackerDomain.csproj" />
  <Project Path="CaseTrackerInfrastructure/CaseTrackerInfrastructure.csproj" />
</Solution>
